
Microsoft Visual Studio Solution File, Format Version 12.00
# Visual Studio Version 17
VisualStudioVersion = 17.8.34525.116
MinimumVisualStudioVersion = 10.0.40219.1
Project("{FAE04EC0-301F-11D3-BF4B-00C04F79EFBC}") = "Hr_system", "Hr_system\Hr_system.csproj", "{1E9F8078-8124-4081-A946-9B350941FF9B}"
EndProject
Global
	GlobalSection(SolutionConfigurationPlatforms) = preSolution
		Debug|Any CPU = Debug|Any CPU
		Release|Any CPU = Release|Any CPU
	EndGlobalSection
	GlobalSection(ProjectConfigurationPlatforms) = postSolution
		{1E9F8078-8124-4081-A946-9B350941FF9B}.Debug|Any CPU.ActiveCfg = Debug|Any CPU
		{1E9F8078-8124-4081-A946-9B350941FF9B}.Debug|Any CPU.Build.0 = Debug|Any CPU
		{1E9F8078-8124-4081-A946-9B350941FF9B}.Release|Any CPU.ActiveCfg = Release|Any CPU
		{1E9F8078-8124-4081-A946-9B350941FF9B}.Release|Any CPU.Build.0 = Release|Any CPU
	EndGlobalSection
	GlobalSection(SolutionProperties) = preSolution
		HideSolutionNode = FALSE
	EndGlobalSection
	GlobalSection(ExtensibilityGlobals) = postSolution
		SolutionGuid = {318F426C-E8AB-432B-9DF0-80992270ED4E}
	EndGlobalSection
EndGlobal
